github.com/akutz/gosync v0.1.0 h1:naxPT/aDYDh79PMwM3XmencmNQeYmpNFSZy4ZE9zIW0=
github.com/akutz/gosync v0.1.0/go.mod h1:I8I4aiqJI1nqaeYOOB1WS+CgRJVVPqhct9Y4njywM84=
github.com/akutz/memconn v0.0.0-20180118181749-6d806d44b3dd h1:b0Ew38fsqKRKbL+DB9jfQnVIj2YGZVZ0uB4qbsmCAjY=
github.com/akutz/memconn v0.0.0-20180118181749-6d806d44b3dd/go.mod h1:Jo8rI7m0NieZyLI5e2CDlRdRqRRB4S7Xp77ukDjH+Fw=
github.com/container-storage-interface/spec v1.0.0 h1:3DyXuJgf9MU6kyULESegQUmozsSxhpyrrv9u5bfwA3E=
github.com/container-storage-interface/spec v1.0.0/go.mod h1:6URME8mwIBbpVyZV93Ce5St17xBiQJQY67NDsuohiy4=
github.com/coreos/etcd v3.3.1+incompatible h1:NOOjb4zBJFfPb3uDxUOcwL0bqbkMqpMPJI0oULC+4D8=
github.com/coreos/etcd v3.3.1+incompatible/go.mod h1:uF7uidLiAD3TWHmW31ZFd/JWoc32PjwdhPthX9715RE=
github.com/gogo/protobuf v1.0.0 h1:2jyBKDKU/8v3v2xVR2PtiWQviFUyiaGk2rpfyFT8rTM=
github.com/gogo/protobuf v1.0.0/go.mod h1:r8qH/GZQm5c6nD/R0oafs1akxWv10x8SbQlK7atdtwQ=
github.com/golang/protobuf v1.2.0 h1:P3YflyNX/ehuJFLhxviNdFxQPkGK5cDcApsge1SqnvM=
github.com/golang/protobuf v1.2.0/go.mod h1:6lQm79b+lXiMfvg/cZm0SGofjICqVBUtrP5yJMmIC1U=
github.com/inconshreveable/mousetrap v1.0.0/go.mod h1:PxqpIevigyE2G7u3NXJIT2ANytuPF1OarO4DADm73n8=
github.com/onsi/ginkgo v1.4.0 h1:n60/4GZK0Sr9O2iuGKq876Aoa0ER2ydgpMOBwzJ8e2c=
github.com/onsi/ginkgo v1.4.0/go.mod h1:lLunBs/Ym6LB5Z9jYTR76FiuTmxDTDusOGeTQH+WWjE=
github.com/onsi/gomega v1.3.0 h1:yPHEatyQC4jN3vdfvqJXG7O9vfC6LhaAV1NEdYpP+h0=
github.com/onsi/gomega v1.3.0/go.mod h1:C1qb7wdrVGGVU+Z6iS04AVkA3Q65CEZX59MT0QO5uiA=
github.com/sirupsen/logrus v1.0.4 h1:gzbtLsZC3Ic5PptoRG+kQj4L60qjK7H7XszrU163JNQ=
github.com/sirupsen/logrus v1.0.4/go.mod h1:pMByvHTf9Beacp5x1UXfOR9xyW/9antXMhjMPG0dEzc=
github.com/spf13/cobra v0.0.1 h1:zZh3X5aZbdnoj+4XkaBxKfhO4ot82icYdhhREIAXIj8=
github.com/spf13/cobra v0.0.1/go.mod h1:1l0Ry5zgKvJasoi3XT1TypsSe7PqH0Sj9dhYf7v3XqQ=
github.com/spf13/pflag v1.0.0 h1:oaPbdDe/x0UncahuwiPxW1GYJyilRAdsPnq3e1yaPcI=
github.com/spf13/pflag v1.0.0/go.mod h1:DYY7MBk1bdzusC3SYhjObp+wFpr4gzcvqqNjLnInEg4=
golang.org/x/crypto v0.0.0-20180211211603-9de5f2eaf759 h1:6W75OzsrwJByqag5GxxtYVTVEyP+Sy+aLDUsJ9CD8OU=
golang.org/x/crypto v0.0.0-20180211211603-9de5f2eaf759/go.mod h1:6SG95UA2DQfeDnfUPMdvaQW0Q7yPrPDi9nlGo2tz2b4=
golang.org/x/net v0.0.0-20180208041118-f5dfe339be1d h1:lnO2rP1Eit1fCAJKjYJlnArsHluPBxcs2BA2dQrL224=
golang.org/x/net v0.0.0-20180208041118-f5dfe339be1d/go.mod h1:mL1N/T3taQHkDXs73rZJwtUhF3w3ftmwwsq0BUmARs4=
golang.org/x/sys v0.0.0-20180202135801-37707fdb30a5 h1:MF92a0wJ3gzSUVBpjcwdrDr5+klMFRNEEu6Mev4n00I=
golang.org/x/sys v0.0.0-20180202135801-37707fdb30a5/go.mod h1:STP8DvDyc/dI5b8T5hshtkjS+E42TnysNCUPdjciGhY=
golang.org/x/text v0.0.0-20180208041248-4e4a3210bb54 h1:a5WocgxWTnjG0C4hZblDx+yonFbQMMbv8yJGhHMz/nY=
golang.org/x/text v0.0.0-20180208041248-4e4a3210bb54/go.mod h1:NqM8EUOU14njkJ3fqMW+pc6Ldnwhi/IjpwHt7yyuwOQ=
google.golang.org/genproto v0.0.0-20180206005123-2b5a72b8730b h1:OeIgOx0Uu9oBj6JJwlmVnWwNXk+28RE9ySMmpGeQuUs=
google.golang.org/genproto v0.0.0-20180206005123-2b5a72b8730b/go.mod h1:JiN7NxoALGmiZfu7CAH4rXhgtRTLTxftemlI0sWmxmc=
google.golang.org/grpc v1.9.2 h1:roJ2Fad4PmV4LRO8LF7CFuMU23BAliEqJHQXv2BW+ng=
google.golang.org/grpc v1.9.2/go.mod h1:yo6s7OP7yaDglbqo1J04qKzAhqBH6lvTonzMVmEdcZw=
gopkg.in/yaml.v2 v2.0.0 h1:uUkhRGrsEyx/laRdeS6YIQKIys8pg+lRSRdVMTYjivs=
gopkg.in/yaml.v2 v2.0.0/go.mod h1:JAlM8MvJe8wmxCU4Bli9HhUf9+ttbYbLASfIpnQbh74=
